
Microsoft Visual Studio Solution File, Format Version 12.00
Project("{FAE04EC0-301F-11D3-BF4B-00C04F79EFBC}") = "ErrorHandling", "ErrorHandling\ErrorHandling.csproj", "{254BDCFB-D058-4782-AAD0-E85267D9D97C}"
EndProject
Global
	GlobalSection(SolutionConfigurationPlatforms) = preSolution
		Debug|Any CPU = Debug|Any CPU
		Release|Any CPU = Release|Any CPU
	EndGlobalSection
	GlobalSection(ProjectConfigurationPlatforms) = postSolution
		{254BDCFB-D058-4782-AAD0-E85267D9D97C}.Debug|Any CPU.ActiveCfg = Debug|Any CPU
		{254BDCFB-D058-4782-AAD0-E85267D9D97C}.Debug|Any CPU.Build.0 = Debug|Any CPU
		{254BDCFB-D058-4782-AAD0-E85267D9D97C}.Release|Any CPU.ActiveCfg = Release|Any CPU
		{254BDCFB-D058-4782-AAD0-E85267D9D97C}.Release|Any CPU.Build.0 = Release|Any CPU
	EndGlobalSection
EndGlobal
