Microsoft Visual Studio Solution File, Format Version 12.00
# Visual Studio Version 17
VisualStudioVersion = 17.8.0.0
MinimumVisualStudioVersion = 17.8.0.0
Project("{9A19103F-16F7-4668-BE54-9A1E7A4F7556}") = "ErrorHandling.AppHost", "ErrorHandling.AppHost\ErrorHandling.AppHost.csproj", "{042D7E5B-63E8-4F4D-914F-2023BC865BBC}"
EndProject
Project("{9A19103F-16F7-4668-BE54-9A1E7A4F7556}") = "ErrorHandling.ServiceDefaults", "ErrorHandling.ServiceDefaults\ErrorHandling.ServiceDefaults.csproj", "{54D38418-4B63-4BDA-8C46-1D70D5FBCF3F}"
EndProject
Global
	GlobalSection(SolutionConfigurationPlatforms) = preSolution
		Debug|Any CPU = Debug|Any CPU
		Release|Any CPU = Release|Any CPU
	EndGlobalSection
	GlobalSection(ProjectConfigurationPlatforms) = postSolution
		{042D7E5B-63E8-4F4D-914F-2023BC865BBC}.Debug|Any CPU.ActiveCfg = Debug|Any CPU
		{042D7E5B-63E8-4F4D-914F-2023BC865BBC}.Debug|Any CPU.Build.0 = Debug|Any CPU
		{042D7E5B-63E8-4F4D-914F-2023BC865BBC}.Release|Any CPU.ActiveCfg = Release|Any CPU
		{042D7E5B-63E8-4F4D-914F-2023BC865BBC}.Release|Any CPU.Build.0 = Release|Any CPU
		{54D38418-4B63-4BDA-8C46-1D70D5FBCF3F}.Debug|Any CPU.ActiveCfg = Debug|Any CPU
		{54D38418-4B63-4BDA-8C46-1D70D5FBCF3F}.Debug|Any CPU.Build.0 = Debug|Any CPU
		{54D38418-4B63-4BDA-8C46-1D70D5FBCF3F}.Release|Any CPU.ActiveCfg = Release|Any CPU
		{54D38418-4B63-4BDA-8C46-1D70D5FBCF3F}.Release|Any CPU.Build.0 = Release|Any CPU
	EndGlobalSection
	GlobalSection(SolutionProperties) = preSolution
		HideSolutionNode = FALSE
	EndGlobalSection
	GlobalSection(ExtensibilityGlobals) = postSolution
		SolutionGuid = {5FB0E659-5960-426D-94E7-7BF9D96DA074}
	EndGlobalSection
EndGlobal